// !$*UTF8*$!
{
	archiveVersion = 1;
	classes = {
	};
	objectVersion = 56;
	objects = {

/* Begin PBXBuildFile section */
		412439962CF5E05A007674F6 /* AppDelegate.swift in Sources */ = {isa = PBXBuildFile; fileRef = 412439952CF5E05A007674F6 /* AppDelegate.swift */; };
		412439982CF5E05A007674F6 /* SceneDelegate.swift in Sources */ = {isa = PBXBuildFile; fileRef = 412439972CF5E05A007674F6 /* SceneDelegate.swift */; };
		4124399A2CF5E05A007674F6 /* ViewController.swift in Sources */ = {isa = PBXBuildFile; fileRef = 412439992CF5E05A007674F6 /* ViewController.swift */; };
		4124399D2CF5E05A007674F6 /* Base in Resources */ = {isa = PBXBuildFile; fileRef = 4124399C2CF5E05A007674F6 /* Base */; };
		4124399F2CF5E05B007674F6 /* Assets.xcassets in Resources */ = {isa = PBXBuildFile; fileRef = 4124399E2CF5E05B007674F6 /* Assets.xcassets */; };
		412439A22CF5E05B007674F6 /* Base in Resources */ = {isa = PBXBuildFile; fileRef = 412439A12CF5E05B007674F6 /* Base */; };
		412439AA2CF5E0BC007674F6 /* DataModel.swift in Sources */ = {isa = PBXBuildFile; fileRef = 412439A92CF5E0BC007674F6 /* DataModel.swift */; };
		412439AC2CF5E1F9007674F6 /* APIService.swift in Sources */ = {isa = PBXBuildFile; fileRef = 412439AB2CF5E1F9007674F6 /* APIService.swift */; };
		412439AE2CF5E463007674F6 /* MovieListCollectionCell.swift in Sources */ = {isa = PBXBuildFile; fileRef = 412439AD2CF5E463007674F6 /* MovieListCollectionCell.swift */; };
/* End PBXBuildFile section */

/* Begin PBXFileReference section */
		412439922CF5E05A007674F6 /* testAstro.app */ = {isa = PBXFileReference; explicitFileType = wrapper.application; includeInIndex = 0; path = testAstro.app; sourceTree = BUILT_PRODUCTS_DIR; };
		412439952CF5E05A007674F6 /* AppDelegate.swift */ = {isa = PBXFileReference; lastKnownFileType = sourcecode.swift; path = AppDelegate.swift; sourceTree = "<group>"; };
		412439972CF5E05A007674F6 /* SceneDelegate.swift */ = {isa = PBXFileReference; lastKnownFileType = sourcecode.swift; path = SceneDelegate.swift; sourceTree = "<group>"; };
		412439992CF5E05A007674F6 /* ViewController.swift */ = {isa = PBXFileReference; lastKnownFileType = sourcecode.swift; path = ViewController.swift; sourceTree = "<group>"; };
		4124399C2CF5E05A007674F6 /* Base */ = {isa = PBXFileReference; lastKnownFileType = file.storyboard; name = Base; path = Base.lproj/Main.storyboard; sourceTree = "<group>"; };
		4124399E2CF5E05B007674F6 /* Assets.xcassets */ = {isa = PBXFileReference; lastKnownFileType = folder.assetcatalog; path = Assets.xcassets; sourceTree = "<group>"; };
		412439A12CF5E05B007674F6 /* Base */ = {isa = PBXFileReference; lastKnownFileType = file.storyboard; name = Base; path = Base.lproj/LaunchScreen.storyboard; sourceTree = "<group>"; };
		412439A32CF5E05B007674F6 /* Info.plist */ = {isa = PBXFileReference; lastKnownFileType = text.plist.xml; path = Info.plist; sourceTree = "<group>"; };
		412439A92CF5E0BC007674F6 /* DataModel.swift */ = {isa = PBXFileReference; lastKnownFileType = sourcecode.swift; path = DataModel.swift; sourceTree = "<group>"; };
		412439AB2CF5E1F9007674F6 /* APIService.swift */ = {isa = PBXFileReference; lastKnownFileType = sourcecode.swift; path = APIService.swift; sourceTree = "<group>"; };
		412439AD2CF5E463007674F6 /* MovieListCollectionCell.swift */ = {isa = PBXFileReference; lastKnownFileType = sourcecode.swift; path = MovieListCollectionCell.swift; sourceTree = "<group>"; };
/* End PBXFileReference section */

/* Begin PBXFrameworksBuildPhase section */
		4124398F2CF5E05A007674F6 /* Frameworks */ = {
			isa = PBXFrameworksBuildPhase;
			buildActionMask = 2147483647;
			files = (
			);
			runOnlyForDeploymentPostprocessing = 0;
		};
/* End PBXFrameworksBuildPhase section */

/* Begin PBXGroup section */
		412439892CF5E05A007674F6 = {
			isa = PBXGroup;
			children = (
				412439942CF5E05A007674F6 /* testAstro */,
				412439932CF5E05A007674F6 /* Products */,
			);
			sourceTree = "<group>";
		};
		412439932CF5E05A007674F6 /* Products */ = {
			isa = PBXGroup;
			children = (
				412439922CF5E05A007674F6 /* testAstro.app */,
			);
			name = Products;
			sourceTree = "<group>";
		};
		412439942CF5E05A007674F6 /* testAstro */ = {
			isa = PBXGroup;
			children = (
				412439B22CF5F131007674F6 /* Cell */,
				412439B12CF5F124007674F6 /* ViewController */,
				412439B02CF5F0CF007674F6 /* APIService */,
				412439AF2CF5F0C3007674F6 /* DataModel */,
				412439952CF5E05A007674F6 /* AppDelegate.swift */,
				412439972CF5E05A007674F6 /* SceneDelegate.swift */,
				4124399B2CF5E05A007674F6 /* Main.storyboard */,
				4124399E2CF5E05B007674F6 /* Assets.xcassets */,
				412439A02CF5E05B007674F6 /* LaunchScreen.storyboard */,
				412439A32CF5E05B007674F6 /* Info.plist */,
			);
			path = testAstro;
			sourceTree = "<group>";
		};
		412439AF2CF5F0C3007674F6 /* DataModel */ = {
			isa = PBXGroup;
			children = (
				412439A92CF5E0BC007674F6 /* DataModel.swift */,
			);
			path = DataModel;
			sourceTree = "<group>";
		};
		412439B02CF5F0CF007674F6 /* APIService */ = {
			isa = PBXGroup;
			children = (
				412439AB2CF5E1F9007674F6 /* APIService.swift */,
			);
			path = APIService;
			sourceTree = "<group>";
		};
		412439B12CF5F124007674F6 /* ViewController */ = {
			isa = PBXGroup;
			children = (
				412439992CF5E05A007674F6 /* ViewController.swift */,
			);
			path = ViewController;
			sourceTree = "<group>";
		};
		412439B22CF5F131007674F6 /* Cell */ = {
			isa = PBXGroup;
			children = (
				412439AD2CF5E463007674F6 /* MovieListCollectionCell.swift */,
			);
			path = Cell;
			sourceTree = "<group>";
		};
/* End PBXGroup section */

/* Begin PBXNativeTarget section */
		412439912CF5E05A007674F6 /* testAstro */ = {
			isa = PBXNativeTarget;
			buildConfigurationList = 412439A62CF5E05B007674F6 /* Build configuration list for PBXNativeTarget "testAstro" */;
			buildPhases = (
				4124398E2CF5E05A007674F6 /* Sources */,
				4124398F2CF5E05A007674F6 /* Frameworks */,
				412439902CF5E05A007674F6 /* Resources */,
			);
			buildRules = (
			);
			dependencies = (
			);
			name = testAstro;
			productName = testAstro;
			productReference = 412439922CF5E05A007674F6 /* testAstro.app */;
			productType = "com.apple.product-type.application";
		};
/* End PBXNativeTarget section */

/* Begin PBXProject section */
		4124398A2CF5E05A007674F6 /* Project object */ = {
			isa = PBXProject;
			attributes = {
				BuildIndependentTargetsInParallel = 1;
				LastSwiftUpdateCheck = 1540;
				LastUpgradeCheck = 1540;
				TargetAttributes = {
					412439912CF5E05A007674F6 = {
						CreatedOnToolsVersion = 15.4;
					};
				};
			};
			buildConfigurationList = 4124398D2CF5E05A007674F6 /* Build configuration list for PBXProject "testAstro" */;
			compatibilityVersion = "Xcode 14.0";
			developmentRegion = en;
			hasScannedForEncodings = 0;
			knownRegions = (
				en,
				Base,
			);
			mainGroup = 412439892CF5E05A007674F6;
			productRefGroup = 412439932CF5E05A007674F6 /* Products */;
			projectDirPath = "";
			projectRoot = "";
			targets = (
				412439912CF5E05A007674F6 /* testAstro */,
			);
		};
/* End PBXProject section */

/* Begin PBXResourcesBuildPhase section */
		412439902CF5E05A007674F6 /* Resources */ = {
			isa = PBXResourcesBuildPhase;
			buildActionMask = 2147483647;
			files = (
				4124399F2CF5E05B007674F6 /* Assets.xcassets in Resources */,
				412439A22CF5E05B007674F6 /* Base in Resources */,
				4124399D2CF5E05A007674F6 /* Base in Resources */,
			);
			runOnlyForDeploymentPostprocessing = 0;
		};
/* End PBXResourcesBuildPhase section */

/* Begin PBXSourcesBuildPhase section */
		4124398E2CF5E05A007674F6 /* Sources */ = {
			isa = PBXSourcesBuildPhase;
			buildActionMask = 2147483647;
			files = (
				4124399A2CF5E05A007674F6 /* ViewController.swift in Sources */,
				412439AC2CF5E1F9007674F6 /* APIService.swift in Sources */,
				412439AE2CF5E463007674F6 /* MovieListCollectionCell.swift in Sources */,
				412439AA2CF5E0BC007674F6 /* DataModel.swift in Sources */,
				412439962CF5E05A007674F6 /* AppDelegate.swift in Sources */,
				412439982CF5E05A007674F6 /* SceneDelegate.swift in Sources */,
			);
			runOnlyForDeploymentPostprocessing = 0;
		};
/* End PBXSourcesBuildPhase section */

/* Begin PBXVariantGroup section */
		4124399B2CF5E05A007674F6 /* Main.storyboard */ = {
			isa = PBXVariantGroup;
			children = (
				4124399C2CF5E05A007674F6 /* Base */,
			);
			name = Main.storyboard;
			sourceTree = "<group>";
		};
		412439A02CF5E05B007674F6 /* LaunchScreen.storyboard */ = {
			isa = PBXVariantGroup;
			children = (
				412439A12CF5E05B007674F6 /* Base */,
			);
			name = LaunchScreen.storyboard;
			sourceTree = "<group>";
		};
/* End PBXVariantGroup section */

/* Begin XCBuildConfiguration section */
		412439A42CF5E05B007674F6 /* Debug */ = {
			isa = XCBuildConfiguration;
			buildSettings = {
				ALWAYS_SEARCH_USER_PATHS = NO;
				ASSETCATALOG_COMPILER_GENERATE_SWIFT_ASSET_SYMBOL_EXTENSIONS = YES;
				CLANG_ANALYZER_NONNULL = YES;
				CLANG_ANALYZER_NUMBER_OBJECT_CONVERSION = YES_AGGRESSIVE;
				CLANG_CXX_LANGUAGE_STANDARD = "gnu++20";
				CLANG_ENABLE_MODULES = YES;
				CLANG_ENABLE_OBJC_ARC = YES;
				CLANG_ENABLE_OBJC_WEAK = YES;
				CLANG_WARN_BLOCK_CAPTURE_AUTORELEASING = YES;
				CLANG_WARN_BOOL_CONVERSION = YES;
				CLANG_WARN_COMMA = YES;
				CLANG_WARN_CONSTANT_CONVERSION = YES;
				CLANG_WARN_DEPRECATED_OBJC_IMPLEMENTATIONS = YES;
				CLANG_WARN_DIRECT_OBJC_ISA_USAGE = YES_ERROR;
				CLANG_WARN_DOCUMENTATION_COMMENTS = YES;
				CLANG_WARN_EMPTY_BODY = YES;
				CLANG_WARN_ENUM_CONVERSION = YES;
				CLANG_WARN_INFINITE_RECURSION = YES;
				CLANG_WARN_INT_CONVERSION = YES;
				CLANG_WARN_NON_LITERAL_NULL_CONVERSION = YES;
				CLANG_WARN_OBJC_IMPLICIT_RETAIN_SELF = YES;
				CLANG_WARN_OBJC_LITERAL_CONVERSION = YES;
				CLANG_WARN_OBJC_ROOT_CLASS = YES_ERROR;
				CLANG_WARN_QUOTED_INCLUDE_IN_FRAMEWORK_HEADER = YES;
				CLANG_WARN_RANGE_LOOP_ANALYSIS = YES;
				CLANG_WARN_STRICT_PROTOTYPES = YES;
				CLANG_WARN_SUSPICIOUS_MOVE = YES;
				CLANG_WARN_UNGUARDED_AVAILABILITY = YES_AGGRESSIVE;
				CLANG_WARN_UNREACHABLE_CODE = YES;
				CLANG_WARN__DUPLICATE_METHOD_MATCH = YES;
				COPY_PHASE_STRIP = NO;
				DEBUG_INFORMATION_FORMAT = dwarf;
				ENABLE_STRICT_OBJC_MSGSEND = YES;
				ENABLE_TESTABILITY = YES;
				ENABLE_USER_SCRIPT_SANDBOXING = YES;
				GCC_C_LANGUAGE_STANDARD = gnu17;
				GCC_DYNAMIC_NO_PIC = NO;
				GCC_NO_COMMON_BLOCKS = YES;
				GCC_OPTIMIZATION_LEVEL = 0;
				GCC_PREPROCESSOR_DEFINITIONS = (
					"DEBUG=1",
					"$(inherited)",
				);
				GCC_WARN_64_TO_32_BIT_CONVERSION = YES;
				GCC_WARN_ABOUT_RETURN_TYPE = YES_ERROR;
				GCC_WARN_UNDECLARED_SELECTOR = YES;
				GCC_WARN_UNINITIALIZED_AUTOS = YES_AGGRESSIVE;
				GCC_WARN_UNUSED_FUNCTION = YES;
				GCC_WARN_UNUSED_VARIABLE = YES;
				IPHONEOS_DEPLOYMENT_TARGET = 17.5;
				LOCALIZATION_PREFERS_STRING_CATALOGS = YES;
				MTL_ENABLE_DEBUG_INFO = INCLUDE_SOURCE;
				MTL_FAST_MATH = YES;
				ONLY_ACTIVE_ARCH = YES;
				SDKROOT = iphoneos;
				SWIFT_ACTIVE_COMPILATION_CONDITIONS = "DEBUG $(inherited)";
				SWIFT_OPTIMIZATION_LEVEL = "-Onone";
			};
			name = Debug;
		};
		412439A52CF5E05B007674F6 /* Release */ = {
			isa = XCBuildConfiguration;
			buildSettings = {
				ALWAYS_SEARCH_USER_PATHS = NO;
				ASSETCATALOG_COMPILER_GENERATE_SWIFT_ASSET_SYMBOL_EXTENSIONS = YES;
				CLANG_ANALYZER_NONNULL = YES;
				CLANG_ANALYZER_NUMBER_OBJECT_CONVERSION = YES_AGGRESSIVE;
				CLANG_CXX_LANGUAGE_STANDARD = "gnu++20";
				CLANG_ENABLE_MODULES = YES;
				CLANG_ENABLE_OBJC_ARC = YES;
				CLANG_ENABLE_OBJC_WEAK = YES;
				CLANG_WARN_BLOCK_CAPTURE_AUTORELEASING = YES;
				CLANG_WARN_BOOL_CONVERSION = YES;
				CLANG_WARN_COMMA = YES;
				CLANG_WARN_CONSTANT_CONVERSION = YES;
				CLANG_WARN_DEPRECATED_OBJC_IMPLEMENTATIONS = YES;
				CLANG_WARN_DIRECT_OBJC_ISA_USAGE = YES_ERROR;
				CLANG_WARN_DOCUMENTATION_COMMENTS = YES;
				CLANG_WARN_EMPTY_BODY = YES;
				CLANG_WARN_ENUM_CONVERSION = YES;
				CLANG_WARN_INFINITE_RECURSION = YES;
				CLANG_WARN_INT_CONVERSION = YES;
				CLANG_WARN_NON_LITERAL_NULL_CONVERSION = YES;
				CLANG_WARN_OBJC_IMPLICIT_RETAIN_SELF = YES;
				CLANG_WARN_OBJC_LITERAL_CONVERSION = YES;
				CLANG_WARN_OBJC_ROOT_CLASS = YES_ERROR;
				CLANG_WARN_QUOTED_INCLUDE_IN_FRAMEWORK_HEADER = YES;
				CLANG_WARN_RANGE_LOOP_ANALYSIS = YES;
				CLANG_WARN_STRICT_PROTOTYPES = YES;
				CLANG_WARN_SUSPICIOUS_MOVE = YES;
				CLANG_WARN_UNGUARDED_AVAILABILITY = YES_AGGRESSIVE;
				CLANG_WARN_UNREACHABLE_CODE = YES;
				CLANG_WARN__DUPLICATE_METHOD_MATCH = YES;
				COPY_PHASE_STRIP = NO;
				DEBUG_INFORMATION_FORMAT = "dwarf-with-dsym";
				ENABLE_NS_ASSERTIONS = NO;
				ENABLE_STRICT_OBJC_MSGSEND = YES;
				ENABLE_USER_SCRIPT_SANDBOXING = YES;
				GCC_C_LANGUAGE_STANDARD = gnu17;
				GCC_NO_COMMON_BLOCKS = YES;
				GCC_WARN_64_TO_32_BIT_CONVERSION = YES;
				GCC_WARN_ABOUT_RETURN_TYPE = YES_ERROR;
				GCC_WARN_UNDECLARED_SELECTOR = YES;
				GCC_WARN_UNINITIALIZED_AUTOS = YES_AGGRESSIVE;
				GCC_WARN_UNUSED_FUNCTION = YES;
				GCC_WARN_UNUSED_VARIABLE = YES;
				IPHONEOS_DEPLOYMENT_TARGET = 17.5;
				LOCALIZATION_PREFERS_STRING_CATALOGS = YES;
				MTL_ENABLE_DEBUG_INFO = NO;
				MTL_FAST_MATH = YES;
				SDKROOT = iphoneos;
				SWIFT_COMPILATION_MODE = wholemodule;
				VALIDATE_PRODUCT = YES;
			};
			name = Release;
		};
		412439A72CF5E05B007674F6 /* Debug */ = {
			isa = XCBuildConfiguration;
			buildSettings = {
				ASSETCATALOG_COMPILER_APPICON_NAME = AppIcon;
				ASSETCATALOG_COMPILER_GLOBAL_ACCENT_COLOR_NAME = AccentColor;
				CODE_SIGN_STYLE = Automatic;
				CURRENT_PROJECT_VERSION = 1;
				DEVELOPMENT_TEAM = 4YJD6J892X;
				GENERATE_INFOPLIST_FILE = YES;
				INFOPLIST_FILE = testAstro/Info.plist;
				INFOPLIST_KEY_UIApplicationSupportsIndirectInputEvents = YES;
				INFOPLIST_KEY_UILaunchStoryboardName = LaunchScreen;
				INFOPLIST_KEY_UIMainStoryboardFile = Main;
				INFOPLIST_KEY_UISupportedInterfaceOrientations_iPad = "UIInterfaceOrientationPortrait UIInterfaceOrientationPortraitUpsideDown UIInterfaceOrientationLandscapeLeft UIInterfaceOrientationLandscapeRight";
				INFOPLIST_KEY_UISupportedInterfaceOrientations_iPhone = "UIInterfaceOrientationPortrait UIInterfaceOrientationLandscapeLeft UIInterfaceOrientationLandscapeRight";
				LD_RUNPATH_SEARCH_PATHS = (
					"$(inherited)",
					"@executable_path/Frameworks",
				);
				MARKETING_VERSION = 1.0;
				PRODUCT_BUNDLE_IDENTIFIER = com.google.testAstro;
				PRODUCT_NAME = "$(TARGET_NAME)";
				SWIFT_EMIT_LOC_STRINGS = YES;
				SWIFT_VERSION = 5.0;
				TARGETED_DEVICE_FAMILY = "1,2";
			};
			name = Debug;
		};
		412439A82CF5E05B007674F6 /* Release */ = {
			isa = XCBuildConfiguration;
			buildSettings = {
				ASSETCATALOG_COMPILER_APPICON_NAME = AppIcon;
				ASSETCATALOG_COMPILER_GLOBAL_ACCENT_COLOR_NAME = AccentColor;
				CODE_SIGN_STYLE = Automatic;
				CURRENT_PROJECT_VERSION = 1;
				DEVELOPMENT_TEAM = 4YJD6J892X;
				GENERATE_INFOPLIST_FILE = YES;
				INFOPLIST_FILE = testAstro/Info.plist;
				INFOPLIST_KEY_UIApplicationSupportsIndirectInputEvents = YES;
				INFOPLIST_KEY_UILaunchStoryboardName = LaunchScreen;
				INFOPLIST_KEY_UIMainStoryboardFile = Main;
				INFOPLIST_KEY_UISupportedInterfaceOrientations_iPad = "UIInterfaceOrientationPortrait UIInterfaceOrientationPortraitUpsideDown UIInterfaceOrientationLandscapeLeft UIInterfaceOrientationLandscapeRight";
				INFOPLIST_KEY_UISupportedInterfaceOrientations_iPhone = "UIInterfaceOrientationPortrait UIInterfaceOrientationLandscapeLeft UIInterfaceOrientationLandscapeRight";
				LD_RUNPATH_SEARCH_PATHS = (
					"$(inherited)",
					"@executable_path/Frameworks",
				);
				MARKETING_VERSION = 1.0;
				PRODUCT_BUNDLE_IDENTIFIER = com.google.testAstro;
				PRODUCT_NAME = "$(TARGET_NAME)";
				SWIFT_EMIT_LOC_STRINGS = YES;
				SWIFT_VERSION = 5.0;
				TARGETED_DEVICE_FAMILY = "1,2";
			};
			name = Release;
		};
/* End XCBuildConfiguration section */

/* Begin XCConfigurationList section */
		4124398D2CF5E05A007674F6 /* Build configuration list for PBXProject "testAstro" */ = {
			isa = XCConfigurationList;
			buildConfigurations = (
				412439A42CF5E05B007674F6 /* Debug */,
				412439A52CF5E05B007674F6 /* Release */,
			);
			defaultConfigurationIsVisible = 0;
			defaultConfigurationName = Release;
		};
		412439A62CF5E05B007674F6 /* Build configuration list for PBXNativeTarget "testAstro" */ = {
			isa = XCConfigurationList;
			buildConfigurations = (
				412439A72CF5E05B007674F6 /* Debug */,
				412439A82CF5E05B007674F6 /* Release */,
			);
			defaultConfigurationIsVisible = 0;
			defaultConfigurationName = Release;
		};
/* End XCConfigurationList section */
	};
	rootObject = 4124398A2CF5E05A007674F6 /* Project object */;
}
